
Microsoft Visual Studio Solution File, Format Version 12.00
# Visual Studio 15
VisualStudioVersion = 15.0.28010.2048
MinimumVisualStudioVersion = 10.0.40219.1
Project("{FAE04EC0-301F-11D3-BF4B-00C04F79EFBC}") = "WindowsFormsApplication2", "WindowsFormsApplication2\WindowsFormsApplication2.csproj", "{B2EF7CA9-B1EF-4FA9-988D-75842B676AAE}"
EndProject
Global
	GlobalSection(SolutionConfigurationPlatforms) = preSolution
		CD_ROM|Any CPU = CD_ROM|Any CPU
		CD_ROM|x64 = CD_ROM|x64
		CD_ROM|x86 = CD_ROM|x86
		Custom|Any CPU = Custom|Any CPU
		Custom|x64 = Custom|x64
		Custom|x86 = Custom|x86
		Debug|Any CPU = Debug|Any CPU
		Debug|x64 = Debug|x64
		Debug|x86 = Debug|x86
		DVD-10|Any CPU = DVD-10|Any CPU
		DVD-10|x64 = DVD-10|x64
		DVD-10|x86 = DVD-10|x86
		DVD-18|Any CPU = DVD-18|Any CPU
		DVD-18|x64 = DVD-18|x64
		DVD-18|x86 = DVD-18|x86
		DVD-5|Any CPU = DVD-5|Any CPU
		DVD-5|x64 = DVD-5|x64
		DVD-5|x86 = DVD-5|x86
		DVD-9|Any CPU = DVD-9|Any CPU
		DVD-9|x64 = DVD-9|x64
		DVD-9|x86 = DVD-9|x86
		Release|Any CPU = Release|Any CPU
		Release|x64 = Release|x64
		Release|x86 = Release|x86
		SingleImage|Any CPU = SingleImage|Any CPU
		SingleImage|x64 = SingleImage|x64
		SingleImage|x86 = SingleImage|x86
		WebDeployment|Any CPU = WebDeployment|Any CPU
		WebDeployment|x64 = WebDeployment|x64
		WebDeployment|x86 = WebDeployment|x86
	EndGlobalSection
	GlobalSection(ProjectConfigurationPlatforms) = postSolution
		{B2EF7CA9-B1EF-4FA9-988D-75842B676AAE}.CD_ROM|Any CPU.ActiveCfg = Release|Any CPU
		{B2EF7CA9-B1EF-4FA9-988D-75842B676AAE}.CD_ROM|Any CPU.Build.0 = Release|Any CPU
		{B2EF7CA9-B1EF-4FA9-988D-75842B676AAE}.CD_ROM|x64.ActiveCfg = Debug|Any CPU
		{B2EF7CA9-B1EF-4FA9-988D-75842B676AAE}.CD_ROM|x64.Build.0 = Debug|Any CPU
		{B2EF7CA9-B1EF-4FA9-988D-75842B676AAE}.CD_ROM|x86.ActiveCfg = Debug|Any CPU
		{B2EF7CA9-B1EF-4FA9-988D-75842B676AAE}.CD_ROM|x86.Build.0 = Debug|Any CPU
		{B2EF7CA9-B1EF-4FA9-988D-75842B676AAE}.Custom|Any CPU.ActiveCfg = Release|Any CPU
		{B2EF7CA9-B1EF-4FA9-988D-75842B676AAE}.Custom|Any CPU.Build.0 = Release|Any CPU
		{B2EF7CA9-B1EF-4FA9-988D-75842B676AAE}.Custom|x64.ActiveCfg = Debug|Any CPU
		{B2EF7CA9-B1EF-4FA9-988D-75842B676AAE}.Custom|x64.Build.0 = Debug|Any CPU
		{B2EF7CA9-B1EF-4FA9-988D-75842B676AAE}.Custom|x86.ActiveCfg = Debug|Any CPU
		{B2EF7CA9-B1EF-4FA9-988D-75842B676AAE}.Custom|x86.Build.0 = Debug|Any CPU
		{B2EF7CA9-B1EF-4FA9-988D-75842B676AAE}.Debug|Any CPU.ActiveCfg = Debug|Any CPU
		{B2EF7CA9-B1EF-4FA9-988D-75842B676AAE}.Debug|Any CPU.Build.0 = Debug|Any CPU
		{B2EF7CA9-B1EF-4FA9-988D-75842B676AAE}.Debug|x64.ActiveCfg = Debug|Any CPU
		{B2EF7CA9-B1EF-4FA9-988D-75842B676AAE}.Debug|x64.Build.0 = Debug|Any CPU
		{B2EF7CA9-B1EF-4FA9-988D-75842B676AAE}.Debug|x86.ActiveCfg = Debug|Any CPU
		{B2EF7CA9-B1EF-4FA9-988D-75842B676AAE}.Debug|x86.Build.0 = Debug|Any CPU
		{B2EF7CA9-B1EF-4FA9-988D-75842B676AAE}.DVD-10|Any CPU.ActiveCfg = Debug|Any CPU
		{B2EF7CA9-B1EF-4FA9-988D-75842B676AAE}.DVD-10|Any CPU.Build.0 = Debug|Any CPU
		{B2EF7CA9-B1EF-4FA9-988D-75842B676AAE}.DVD-10|x64.ActiveCfg = Debug|Any CPU
		{B2EF7CA9-B1EF-4FA9-988D-75842B676AAE}.DVD-10|x64.Build.0 = Debug|Any CPU
		{B2EF7CA9-B1EF-4FA9-988D-75842B676AAE}.DVD-10|x86.ActiveCfg = Debug|Any CPU
		{B2EF7CA9-B1EF-4FA9-988D-75842B676AAE}.DVD-10|x86.Build.0 = Debug|Any CPU
		{B2EF7CA9-B1EF-4FA9-988D-75842B676AAE}.DVD-18|Any CPU.ActiveCfg = Debug|Any CPU
		{B2EF7CA9-B1EF-4FA9-988D-75842B676AAE}.DVD-18|Any CPU.Build.0 = Debug|Any CPU
		{B2EF7CA9-B1EF-4FA9-988D-75842B676AAE}.DVD-18|x64.ActiveCfg = Debug|Any CPU
		{B2EF7CA9-B1EF-4FA9-988D-75842B676AAE}.DVD-18|x64.Build.0 = Debug|Any CPU
		{B2EF7CA9-B1EF-4FA9-988D-75842B676AAE}.DVD-18|x86.ActiveCfg = Debug|Any CPU
		{B2EF7CA9-B1EF-4FA9-988D-75842B676AAE}.DVD-18|x86.Build.0 = Debug|Any CPU
		{B2EF7CA9-B1EF-4FA9-988D-75842B676AAE}.DVD-5|Any CPU.ActiveCfg = Debug|Any CPU
		{B2EF7CA9-B1EF-4FA9-988D-75842B676AAE}.DVD-5|Any CPU.Build.0 = Debug|Any CPU
		{B2EF7CA9-B1EF-4FA9-988D-75842B676AAE}.DVD-5|x64.ActiveCfg = Debug|Any CPU
		{B2EF7CA9-B1EF-4FA9-988D-75842B676AAE}.DVD-5|x64.Build.0 = Debug|Any CPU
		{B2EF7CA9-B1EF-4FA9-988D-75842B676AAE}.DVD-5|x86.ActiveCfg = Debug|Any CPU
		{B2EF7CA9-B1EF-4FA9-988D-75842B676AAE}.DVD-5|x86.Build.0 = Debug|Any CPU
		{B2EF7CA9-B1EF-4FA9-988D-75842B676AAE}.DVD-9|Any CPU.ActiveCfg = Debug|Any CPU
		{B2EF7CA9-B1EF-4FA9-988D-75842B676AAE}.DVD-9|Any CPU.Build.0 = Debug|Any CPU
		{B2EF7CA9-B1EF-4FA9-988D-75842B676AAE}.DVD-9|x64.ActiveCfg = Debug|Any CPU
		{B2EF7CA9-B1EF-4FA9-988D-75842B676AAE}.DVD-9|x64.Build.0 = Debug|Any CPU
		{B2EF7CA9-B1EF-4FA9-988D-75842B676AAE}.DVD-9|x86.ActiveCfg = Debug|Any CPU
		{B2EF7CA9-B1EF-4FA9-988D-75842B676AAE}.DVD-9|x86.Build.0 = Debug|Any CPU
		{B2EF7CA9-B1EF-4FA9-988D-75842B676AAE}.Release|Any CPU.ActiveCfg = Release|Any CPU
		{B2EF7CA9-B1EF-4FA9-988D-75842B676AAE}.Release|Any CPU.Build.0 = Release|Any CPU
		{B2EF7CA9-B1EF-4FA9-988D-75842B676AAE}.Release|x64.ActiveCfg = Release|Any CPU
		{B2EF7CA9-B1EF-4FA9-988D-75842B676AAE}.Release|x64.Build.0 = Release|Any CPU
		{B2EF7CA9-B1EF-4FA9-988D-75842B676AAE}.Release|x86.ActiveCfg = Release|Any CPU
		{B2EF7CA9-B1EF-4FA9-988D-75842B676AAE}.Release|x86.Build.0 = Release|Any CPU
		{B2EF7CA9-B1EF-4FA9-988D-75842B676AAE}.SingleImage|Any CPU.ActiveCfg = Release|Any CPU
		{B2EF7CA9-B1EF-4FA9-988D-75842B676AAE}.SingleImage|Any CPU.Build.0 = Release|Any CPU
		{B2EF7CA9-B1EF-4FA9-988D-75842B676AAE}.SingleImage|x64.ActiveCfg = Debug|Any CPU
		{B2EF7CA9-B1EF-4FA9-988D-75842B676AAE}.SingleImage|x64.Build.0 = Debug|Any CPU
		{B2EF7CA9-B1EF-4FA9-988D-75842B676AAE}.SingleImage|x86.ActiveCfg = Debug|Any CPU
		{B2EF7CA9-B1EF-4FA9-988D-75842B676AAE}.SingleImage|x86.Build.0 = Debug|Any CPU
		{B2EF7CA9-B1EF-4FA9-988D-75842B676AAE}.WebDeployment|Any CPU.ActiveCfg = Release|Any CPU
		{B2EF7CA9-B1EF-4FA9-988D-75842B676AAE}.WebDeployment|Any CPU.Build.0 = Release|Any CPU
		{B2EF7CA9-B1EF-4FA9-988D-75842B676AAE}.WebDeployment|x64.ActiveCfg = Debug|Any CPU
		{B2EF7CA9-B1EF-4FA9-988D-75842B676AAE}.WebDeployment|x64.Build.0 = Debug|Any CPU
		{B2EF7CA9-B1EF-4FA9-988D-75842B676AAE}.WebDeployment|x86.ActiveCfg = Debug|Any CPU
		{B2EF7CA9-B1EF-4FA9-988D-75842B676AAE}.WebDeployment|x86.Build.0 = Debug|Any CPU
	EndGlobalSection
	GlobalSection(SolutionProperties) = preSolution
		HideSolutionNode = FALSE
	EndGlobalSection
	GlobalSection(ExtensibilityGlobals) = postSolution
		SolutionGuid = {21E28AD3-6463-462E-AE3F-6B21DB5DF616}
	EndGlobalSection
EndGlobal
